
Microsoft Visual Studio Solution File, Format Version 12.00
# Visual Studio Version 17
VisualStudioVersion = 17.5.33318.248
MinimumVisualStudioVersion = 10.0.40219.1
Project("{FAE04EC0-301F-11D3-BF4B-00C04F79EFBC}") = "ControleFinanceiroFamiliar", "ControleFinanceiroFamiliar\ControleFinanceiroFamiliar.csproj", "{A2D398D3-02EE-4B6D-B9EA-905B97E1C3D8}"
EndProject
Global
	GlobalSection(SolutionConfigurationPlatforms) = preSolution
		Debug|Any CPU = Debug|Any CPU
		Release|Any CPU = Release|Any CPU
	EndGlobalSection
	GlobalSection(ProjectConfigurationPlatforms) = postSolution
		{A2D398D3-02EE-4B6D-B9EA-905B97E1C3D8}.Debug|Any CPU.ActiveCfg = Debug|Any CPU
		{A2D398D3-02EE-4B6D-B9EA-905B97E1C3D8}.Debug|Any CPU.Build.0 = Debug|Any CPU
		{A2D398D3-02EE-4B6D-B9EA-905B97E1C3D8}.Release|Any CPU.ActiveCfg = Release|Any CPU
		{A2D398D3-02EE-4B6D-B9EA-905B97E1C3D8}.Release|Any CPU.Build.0 = Release|Any CPU
	EndGlobalSection
	GlobalSection(SolutionProperties) = preSolution
		HideSolutionNode = FALSE
	EndGlobalSection
	GlobalSection(ExtensibilityGlobals) = postSolution
		SolutionGuid = {A5006EB9-9834-498B-8E78-132BA46905D9}
	EndGlobalSection
EndGlobal
